<Solution>
  <Configurations>
    <Platform Name="Any CPU" />
    <Platform Name="x64" />
    <Platform Name="x86" />
  </Configurations>
  <Folder Name="/src/">
    <Project Path="src/Nastart.Api/Nastart.Api.csproj" />
    <Project Path="src/Nastart.Application/Nastart.Application.csproj" />
    <Project Path="src/Nastart.Bot/Nastart.Bot.csproj" />
    <Project Path="src/Nastart.Domain/Nastart.Domain.csproj" />
    <Project Path="src/Nastart.Infrastructure/Nastart.Infrastructure.csproj" />
  </Folder>
  <Folder Name="/tests/">
    <Project Path="tests/Nastart.Application.Tests/Nastart.Application.Tests.csproj" />
    <Project Path="tests/Nastart.Domain.Tests/Nastart.Domain.Tests.csproj" />
  </Folder>
</Solution>
